// !$*UTF8*$!
{
	archiveVersion = 1;
	classes = {
	};
	objectVersion = 77;
	objects = {

/* Begin PBXBuildFile section */
		09A58D1CA4500D3603BB015C /* HinduFestivals.swift in Sources */ = {isa = PBXBuildFile; fileRef = 9D7DF6E3B41403FA38BB9C83 /* HinduFestivals.swift */; };
		151A46C1898B9155F88FE3A8 /* TimestampModel.swift in Sources */ = {isa = PBXBuildFile; fileRef = 4DC2F7D8CA2628D8B4B07A33 /* TimestampModel.swift */; };
		1AABDCBE5945C9C2CC589474 /* PhraseHelper.swift in Sources */ = {isa = PBXBuildFile; fileRef = 4BB0199537932FC2A06C1634 /* PhraseHelper.swift */; };
		2C1DDAD8882F11210FBF34DF /* PrivacyInfo.xcprivacy in Resources */ = {isa = PBXBuildFile; fileRef = 2B939D4B21B08D52881B8C62 /* PrivacyInfo.xcprivacy */; };
		2DC4680F84C836F3C712DD4E /* HinduFestivals.swift in Sources */ = {isa = PBXBuildFile; fileRef = 9D7DF6E3B41403FA38BB9C83 /* HinduFestivals.swift */; };
		341426ECB9A1D94EE9B5FD0F /* NaturalTime.swift in Sources */ = {isa = PBXBuildFile; fileRef = E27FFC3A8CC37FA9207C0773 /* NaturalTime.swift */; };
		55E81DF4EEC057D5EA190FE6 /* App.swift in Sources */ = {isa = PBXBuildFile; fileRef = 3F0AA6526B1DE1B415B81FB2 /* App.swift */; };
		5B5958487593B3A89A86DD93 /* Holidays.swift in Sources */ = {isa = PBXBuildFile; fileRef = 3F524D51FC8A35DFF3EBD894 /* Holidays.swift */; };
		7EF6958A6318ECF695C82C95 /* TimestampIntents.swift in Sources */ = {isa = PBXBuildFile; fileRef = 47BAE104BF134677D5CC0598 /* TimestampIntents.swift */; };
		832EEC3C5BCB7E3462703CFD /* AppIcon.icon in Resources */ = {isa = PBXBuildFile; fileRef = 4B721CAF9F000C221EFEF9B5 /* AppIcon.icon */; };
		99C5FC987D4D1F2BB9F22406 /* ContentView.swift in Sources */ = {isa = PBXBuildFile; fileRef = 73B5E0D8B3061BEBC41E1DA1 /* ContentView.swift */; };
		A987DABC7C1BAC2C7A0102F0 /* MagicTimeApp.swift in Sources */ = {isa = PBXBuildFile; fileRef = 18018A7A9D6AC1D83C141B0C /* MagicTimeApp.swift */; };
		B3C720A1B8AE1CF29C840C3D /* AppIcon.icon in Resources */ = {isa = PBXBuildFile; fileRef = 4B721CAF9F000C221EFEF9B5 /* AppIcon.icon */; };
		B3D3A4E34181C61459178D35 /* PrivacyInfo.xcprivacy in Resources */ = {isa = PBXBuildFile; fileRef = 2B939D4B21B08D52881B8C62 /* PrivacyInfo.xcprivacy */; };
		B76EF58D15B882D808936667 /* Holidays.swift in Sources */ = {isa = PBXBuildFile; fileRef = 3F524D51FC8A35DFF3EBD894 /* Holidays.swift */; };
		C6A042B7CFDB16FBEDFB2DF9 /* NaturalTime.swift in Sources */ = {isa = PBXBuildFile; fileRef = E27FFC3A8CC37FA9207C0773 /* NaturalTime.swift */; };
		CA208AF309E46A1ED30B7F69 /* TimeParser.swift in Sources */ = {isa = PBXBuildFile; fileRef = 87C6ECFE373DD284BE952FD4 /* TimeParser.swift */; };
		DC2354825E556AAC48BDBE89 /* TimeParser.swift in Sources */ = {isa = PBXBuildFile; fileRef = 87C6ECFE373DD284BE952FD4 /* TimeParser.swift */; };
		E57782D6B5E69D15FFC0E30A /* PhraseHelper.swift in Sources */ = {isa = PBXBuildFile; fileRef = 4BB0199537932FC2A06C1634 /* PhraseHelper.swift */; };
		EC38D2743B5D77D38B7BFDF6 /* RootView.swift in Sources */ = {isa = PBXBuildFile; fileRef = AACDF45E031D90D23D78BBE1 /* RootView.swift */; };
		FD902387AAEAF1F542F48AD8 /* Launcher.swift in Sources */ = {isa = PBXBuildFile; fileRef = 88623D833BC3DA04A141AA38 /* Launcher.swift */; };
/* End PBXBuildFile section */

/* Begin PBXFileReference section */
		18018A7A9D6AC1D83C141B0C /* MagicTimeApp.swift */ = {isa = PBXFileReference; lastKnownFileType = sourcecode.swift; path = MagicTimeApp.swift; sourceTree = "<group>"; };
		2B939D4B21B08D52881B8C62 /* PrivacyInfo.xcprivacy */ = {isa = PBXFileReference; path = PrivacyInfo.xcprivacy; sourceTree = "<group>"; };
		3F0AA6526B1DE1B415B81FB2 /* App.swift */ = {isa = PBXFileReference; lastKnownFileType = sourcecode.swift; path = App.swift; sourceTree = "<group>"; };
		3F524D51FC8A35DFF3EBD894 /* Holidays.swift */ = {isa = PBXFileReference; lastKnownFileType = sourcecode.swift; path = Holidays.swift; sourceTree = "<group>"; };
		47BAE104BF134677D5CC0598 /* TimestampIntents.swift */ = {isa = PBXFileReference; lastKnownFileType = sourcecode.swift; path = TimestampIntents.swift; sourceTree = "<group>"; };
		4B721CAF9F000C221EFEF9B5 /* AppIcon.icon */ = {isa = PBXFileReference; lastKnownFileType = wrapper.icon; path = AppIcon.icon; sourceTree = "<group>"; };
		4BB0199537932FC2A06C1634 /* PhraseHelper.swift */ = {isa = PBXFileReference; lastKnownFileType = sourcecode.swift; path = PhraseHelper.swift; sourceTree = "<group>"; };
		4D5F17D8286055A7FA8EB2E8 /* MagicTime-iOS.app */ = {isa = PBXFileReference; includeInIndex = 0; lastKnownFileType = wrapper.application; path = "MagicTime-iOS.app"; sourceTree = BUILT_PRODUCTS_DIR; };
		4DC2F7D8CA2628D8B4B07A33 /* TimestampModel.swift */ = {isa = PBXFileReference; lastKnownFileType = sourcecode.swift; path = TimestampModel.swift; sourceTree = "<group>"; };
		73B5E0D8B3061BEBC41E1DA1 /* ContentView.swift */ = {isa = PBXFileReference; lastKnownFileType = sourcecode.swift; path = ContentView.swift; sourceTree = "<group>"; };
		87C6ECFE373DD284BE952FD4 /* TimeParser.swift */ = {isa = PBXFileReference; lastKnownFileType = sourcecode.swift; path = TimeParser.swift; sourceTree = "<group>"; };
		88623D833BC3DA04A141AA38 /* Launcher.swift */ = {isa = PBXFileReference; lastKnownFileType = sourcecode.swift; path = Launcher.swift; sourceTree = "<group>"; };
		9D7DF6E3B41403FA38BB9C83 /* HinduFestivals.swift */ = {isa = PBXFileReference; lastKnownFileType = sourcecode.swift; path = HinduFestivals.swift; sourceTree = "<group>"; };
		AACDF45E031D90D23D78BBE1 /* RootView.swift */ = {isa = PBXFileReference; lastKnownFileType = sourcecode.swift; path = RootView.swift; sourceTree = "<group>"; };
		E27FFC3A8CC37FA9207C0773 /* NaturalTime.swift */ = {isa = PBXFileReference; lastKnownFileType = sourcecode.swift; path = NaturalTime.swift; sourceTree = "<group>"; };
		FC4B2D2182D7D49E2B5FC579 /* MagicTime-macOS.app */ = {isa = PBXFileReference; explicitFileType = wrapper.application; includeInIndex = 0; path = "MagicTime-macOS.app"; sourceTree = BUILT_PRODUCTS_DIR; };
/* End PBXFileReference section */

/* Begin PBXGroup section */
		0FB52883D94786FB1169D4E8 = {
			isa = PBXGroup;
			children = (
				129022DA22CFD4F5279DE266 /* Icon */,
				500E2627DEB0F14291CFD6D9 /* iOS */,
				DAC0FEBE001FF039D492D2AF /* Sources */,
				3797CD0D2B23CCC7BD328FAF /* Products */,
			);
			sourceTree = "<group>";
		};
		129022DA22CFD4F5279DE266 /* Icon */ = {
			isa = PBXGroup;
			children = (
				4B721CAF9F000C221EFEF9B5 /* AppIcon.icon */,
			);
			path = Icon;
			sourceTree = "<group>";
		};
		3797CD0D2B23CCC7BD328FAF /* Products */ = {
			isa = PBXGroup;
			children = (
				4D5F17D8286055A7FA8EB2E8 /* MagicTime-iOS.app */,
				FC4B2D2182D7D49E2B5FC579 /* MagicTime-macOS.app */,
			);
			name = Products;
			sourceTree = "<group>";
		};
		500E2627DEB0F14291CFD6D9 /* iOS */ = {
			isa = PBXGroup;
			children = (
				18018A7A9D6AC1D83C141B0C /* MagicTimeApp.swift */,
				2B939D4B21B08D52881B8C62 /* PrivacyInfo.xcprivacy */,
				AACDF45E031D90D23D78BBE1 /* RootView.swift */,
				47BAE104BF134677D5CC0598 /* TimestampIntents.swift */,
				4DC2F7D8CA2628D8B4B07A33 /* TimestampModel.swift */,
			);
			path = iOS;
			sourceTree = "<group>";
		};
		DAC0FEBE001FF039D492D2AF /* Sources */ = {
			isa = PBXGroup;
			children = (
				3F0AA6526B1DE1B415B81FB2 /* App.swift */,
				73B5E0D8B3061BEBC41E1DA1 /* ContentView.swift */,
				9D7DF6E3B41403FA38BB9C83 /* HinduFestivals.swift */,
				3F524D51FC8A35DFF3EBD894 /* Holidays.swift */,
				88623D833BC3DA04A141AA38 /* Launcher.swift */,
				E27FFC3A8CC37FA9207C0773 /* NaturalTime.swift */,
				4BB0199537932FC2A06C1634 /* PhraseHelper.swift */,
				87C6ECFE373DD284BE952FD4 /* TimeParser.swift */,
			);
			path = Sources;
			sourceTree = "<group>";
		};
/* End PBXGroup section */

/* Begin PBXNativeTarget section */
		326F4E3A2A16D2FB22196439 /* MagicTime-macOS */ = {
			isa = PBXNativeTarget;
			buildConfigurationList = 2D00889A31ED9E750E35A909 /* Build configuration list for PBXNativeTarget "MagicTime-macOS" */;
			buildPhases = (
				8B0E4B11AF33991DB4797E22 /* Sources */,
				D6A00558B6F0EB42375EA858 /* Resources */,
			);
			buildRules = (
			);
			dependencies = (
			);
			name = "MagicTime-macOS";
			packageProductDependencies = (
			);
			productName = "MagicTime-macOS";
			productReference = FC4B2D2182D7D49E2B5FC579 /* MagicTime-macOS.app */;
			productType = "com.apple.product-type.application";
		};
		4AAC8CD166B7127D9F39DEC6 /* MagicTime-iOS */ = {
			isa = PBXNativeTarget;
			buildConfigurationList = A8BB6F9108DC095CE854AA18 /* Build configuration list for PBXNativeTarget "MagicTime-iOS" */;
			buildPhases = (
				51754818E88F584EA8DA4024 /* Sources */,
				8DE9B1D3E6542F0B20698A50 /* Resources */,
			);
			buildRules = (
			);
			dependencies = (
			);
			name = "MagicTime-iOS";
			packageProductDependencies = (
			);
			productName = "MagicTime-iOS";
			productReference = 4D5F17D8286055A7FA8EB2E8 /* MagicTime-iOS.app */;
			productType = "com.apple.product-type.application";
		};
/* End PBXNativeTarget section */

/* Begin PBXProject section */
		95D007394C855D42EDA5EC71 /* Project object */ = {
			isa = PBXProject;
			attributes = {
				BuildIndependentTargetsInParallel = YES;
				LastUpgradeCheck = 1430;
				TargetAttributes = {
					326F4E3A2A16D2FB22196439 = {
						DevelopmentTeam = PHYC7GJW6B;
						ProvisioningStyle = Automatic;
					};
					4AAC8CD166B7127D9F39DEC6 = {
						DevelopmentTeam = PHYC7GJW6B;
						ProvisioningStyle = Automatic;
					};
				};
			};
			buildConfigurationList = B8C5119A4DA4F2AA5DCDFE9D /* Build configuration list for PBXProject "MagicTime" */;
			developmentRegion = en;
			hasScannedForEncodings = 0;
			knownRegions = (
				Base,
				en,
			);
			mainGroup = 0FB52883D94786FB1169D4E8;
			minimizedProjectReferenceProxies = 1;
			preferredProjectObjectVersion = 77;
			productRefGroup = 3797CD0D2B23CCC7BD328FAF /* Products */;
			projectDirPath = "";
			projectRoot = "";
			targets = (
				4AAC8CD166B7127D9F39DEC6 /* MagicTime-iOS */,
				326F4E3A2A16D2FB22196439 /* MagicTime-macOS */,
			);
		};
/* End PBXProject section */

/* Begin PBXResourcesBuildPhase section */
		8DE9B1D3E6542F0B20698A50 /* Resources */ = {
			isa = PBXResourcesBuildPhase;
			buildActionMask = 2147483647;
			files = (
				B3C720A1B8AE1CF29C840C3D /* AppIcon.icon in Resources */,
				2C1DDAD8882F11210FBF34DF /* PrivacyInfo.xcprivacy in Resources */,
			);
			runOnlyForDeploymentPostprocessing = 0;
		};
		D6A00558B6F0EB42375EA858 /* Resources */ = {
			isa = PBXResourcesBuildPhase;
			buildActionMask = 2147483647;
			files = (
				832EEC3C5BCB7E3462703CFD /* AppIcon.icon in Resources */,
				B3D3A4E34181C61459178D35 /* PrivacyInfo.xcprivacy in Resources */,
			);
			runOnlyForDeploymentPostprocessing = 0;
		};
/* End PBXResourcesBuildPhase section */

/* Begin PBXSourcesBuildPhase section */
		51754818E88F584EA8DA4024 /* Sources */ = {
			isa = PBXSourcesBuildPhase;
			buildActionMask = 2147483647;
			files = (
				09A58D1CA4500D3603BB015C /* HinduFestivals.swift in Sources */,
				B76EF58D15B882D808936667 /* Holidays.swift in Sources */,
				A987DABC7C1BAC2C7A0102F0 /* MagicTimeApp.swift in Sources */,
				341426ECB9A1D94EE9B5FD0F /* NaturalTime.swift in Sources */,
				1AABDCBE5945C9C2CC589474 /* PhraseHelper.swift in Sources */,
				EC38D2743B5D77D38B7BFDF6 /* RootView.swift in Sources */,
				CA208AF309E46A1ED30B7F69 /* TimeParser.swift in Sources */,
				7EF6958A6318ECF695C82C95 /* TimestampIntents.swift in Sources */,
				151A46C1898B9155F88FE3A8 /* TimestampModel.swift in Sources */,
			);
			runOnlyForDeploymentPostprocessing = 0;
		};
		8B0E4B11AF33991DB4797E22 /* Sources */ = {
			isa = PBXSourcesBuildPhase;
			buildActionMask = 2147483647;
			files = (
				55E81DF4EEC057D5EA190FE6 /* App.swift in Sources */,
				99C5FC987D4D1F2BB9F22406 /* ContentView.swift in Sources */,
				2DC4680F84C836F3C712DD4E /* HinduFestivals.swift in Sources */,
				5B5958487593B3A89A86DD93 /* Holidays.swift in Sources */,
				FD902387AAEAF1F542F48AD8 /* Launcher.swift in Sources */,
				C6A042B7CFDB16FBEDFB2DF9 /* NaturalTime.swift in Sources */,
				E57782D6B5E69D15FFC0E30A /* PhraseHelper.swift in Sources */,
				DC2354825E556AAC48BDBE89 /* TimeParser.swift in Sources */,
			);
			runOnlyForDeploymentPostprocessing = 0;
		};
/* End PBXSourcesBuildPhase section */

/* Begin XCBuildConfiguration section */
		6EF1CF198629F76B156D2E12 /* Release */ = {
			isa = XCBuildConfiguration;
			buildSettings = {
				ASSETCATALOG_COMPILER_APPICON_NAME = AppIcon;
				CODE_SIGN_ENTITLEMENTS = macOS/MagicTime.entitlements;
				COMBINE_HIDPI_IMAGES = YES;
				ENABLE_APP_SANDBOX = YES;
				ENABLE_HARDENED_RUNTIME = YES;
				GENERATE_INFOPLIST_FILE = YES;
				INFOPLIST_KEY_CFBundleDisplayName = "Magic Time";
				INFOPLIST_KEY_ITSAppUsesNonExemptEncryption = NO;
				INFOPLIST_KEY_LSApplicationCategoryType = "public.app-category.utilities";
				INFOPLIST_KEY_LSUIElement = YES;
				INFOPLIST_KEY_NSHumanReadableCopyright = "© 2026 CJ Covell";
				LD_RUNPATH_SEARCH_PATHS = (
					"$(inherited)",
					"@executable_path/../Frameworks",
				);
				MACOSX_DEPLOYMENT_TARGET = 14.0;
				PRODUCT_BUNDLE_IDENTIFIER = cc.covell.magictime;
				PRODUCT_NAME = "Magic Time";
				SDKROOT = macosx;
			};
			name = Release;
		};
		B4759AFA3F988598DE56D03E /* Debug */ = {
			isa = XCBuildConfiguration;
			buildSettings = {
				ASSETCATALOG_COMPILER_APPICON_NAME = AppIcon;
				CODE_SIGN_ENTITLEMENTS = macOS/MagicTime.entitlements;
				COMBINE_HIDPI_IMAGES = YES;
				ENABLE_APP_SANDBOX = YES;
				ENABLE_HARDENED_RUNTIME = YES;
				GENERATE_INFOPLIST_FILE = YES;
				INFOPLIST_KEY_CFBundleDisplayName = "Magic Time";
				INFOPLIST_KEY_ITSAppUsesNonExemptEncryption = NO;
				INFOPLIST_KEY_LSApplicationCategoryType = "public.app-category.utilities";
				INFOPLIST_KEY_LSUIElement = YES;
				INFOPLIST_KEY_NSHumanReadableCopyright = "© 2026 CJ Covell";
				LD_RUNPATH_SEARCH_PATHS = (
					"$(inherited)",
					"@executable_path/../Frameworks",
				);
				MACOSX_DEPLOYMENT_TARGET = 14.0;
				PRODUCT_BUNDLE_IDENTIFIER = cc.covell.magictime;
				PRODUCT_NAME = "Magic Time";
				SDKROOT = macosx;
			};
			name = Debug;
		};
		BB4C45FCB9E8FB5637B209FA /* Debug */ = {
			isa = XCBuildConfiguration;
			buildSettings = {
				ASSETCATALOG_COMPILER_APPICON_NAME = AppIcon;
				CODE_SIGN_IDENTITY = "iPhone Developer";
				ENABLE_PREVIEWS = YES;
				GENERATE_INFOPLIST_FILE = YES;
				INFOPLIST_KEY_CFBundleDisplayName = "Magic Time";
				INFOPLIST_KEY_ITSAppUsesNonExemptEncryption = NO;
				INFOPLIST_KEY_LSApplicationCategoryType = "public.app-category.utilities";
				INFOPLIST_KEY_UIApplicationSceneManifest_Generation = YES;
				INFOPLIST_KEY_UILaunchScreen_Generation = YES;
				INFOPLIST_KEY_UISupportedInterfaceOrientations_iPad = "UIInterfaceOrientationPortrait UIInterfaceOrientationPortraitUpsideDown UIInterfaceOrientationLandscapeLeft UIInterfaceOrientationLandscapeRight";
				INFOPLIST_KEY_UISupportedInterfaceOrientations_iPhone = "UIInterfaceOrientationPortrait UIInterfaceOrientationLandscapeLeft UIInterfaceOrientationLandscapeRight";
				IPHONEOS_DEPLOYMENT_TARGET = 17.0;
				LD_RUNPATH_SEARCH_PATHS = (
					"$(inherited)",
					"@executable_path/Frameworks",
				);
				PRODUCT_BUNDLE_IDENTIFIER = cc.covell.magictime;
				PRODUCT_NAME = "Magic Time";
				SDKROOT = iphoneos;
				TARGETED_DEVICE_FAMILY = "1,2";
			};
			name = Debug;
		};
		E24EB88380919474D3954CE9 /* Release */ = {
			isa = XCBuildConfiguration;
			buildSettings = {
				ASSETCATALOG_COMPILER_APPICON_NAME = AppIcon;
				CODE_SIGN_IDENTITY = "iPhone Developer";
				ENABLE_PREVIEWS = YES;
				GENERATE_INFOPLIST_FILE = YES;
				INFOPLIST_KEY_CFBundleDisplayName = "Magic Time";
				INFOPLIST_KEY_ITSAppUsesNonExemptEncryption = NO;
				INFOPLIST_KEY_LSApplicationCategoryType = "public.app-category.utilities";
				INFOPLIST_KEY_UIApplicationSceneManifest_Generation = YES;
				INFOPLIST_KEY_UILaunchScreen_Generation = YES;
				INFOPLIST_KEY_UISupportedInterfaceOrientations_iPad = "UIInterfaceOrientationPortrait UIInterfaceOrientationPortraitUpsideDown UIInterfaceOrientationLandscapeLeft UIInterfaceOrientationLandscapeRight";
				INFOPLIST_KEY_UISupportedInterfaceOrientations_iPhone = "UIInterfaceOrientationPortrait UIInterfaceOrientationLandscapeLeft UIInterfaceOrientationLandscapeRight";
				IPHONEOS_DEPLOYMENT_TARGET = 17.0;
				LD_RUNPATH_SEARCH_PATHS = (
					"$(inherited)",
					"@executable_path/Frameworks",
				);
				PRODUCT_BUNDLE_IDENTIFIER = cc.covell.magictime;
				PRODUCT_NAME = "Magic Time";
				SDKROOT = iphoneos;
				TARGETED_DEVICE_FAMILY = "1,2";
			};
			name = Release;
		};
		E9443FB4B83D5D499016E267 /* Release */ = {
			isa = XCBuildConfiguration;
			buildSettings = {
				ALWAYS_SEARCH_USER_PATHS = NO;
				CLANG_ANALYZER_NONNULL = YES;
				CLANG_ANALYZER_NUMBER_OBJECT_CONVERSION = YES_AGGRESSIVE;
				CLANG_CXX_LANGUAGE_STANDARD = "gnu++14";
				CLANG_CXX_LIBRARY = "libc++";
				CLANG_ENABLE_MODULES = YES;
				CLANG_ENABLE_OBJC_ARC = YES;
				CLANG_ENABLE_OBJC_WEAK = YES;
				CLANG_WARN_BLOCK_CAPTURE_AUTORELEASING = YES;
				CLANG_WARN_BOOL_CONVERSION = YES;
				CLANG_WARN_COMMA = YES;
				CLANG_WARN_CONSTANT_CONVERSION = YES;
				CLANG_WARN_DEPRECATED_OBJC_IMPLEMENTATIONS = YES;
				CLANG_WARN_DIRECT_OBJC_ISA_USAGE = YES_ERROR;
				CLANG_WARN_DOCUMENTATION_COMMENTS = YES;
				CLANG_WARN_EMPTY_BODY = YES;
				CLANG_WARN_ENUM_CONVERSION = YES;
				CLANG_WARN_INFINITE_RECURSION = YES;
				CLANG_WARN_INT_CONVERSION = YES;
				CLANG_WARN_NON_LITERAL_NULL_CONVERSION = YES;
				CLANG_WARN_OBJC_IMPLICIT_RETAIN_SELF = YES;
				CLANG_WARN_OBJC_LITERAL_CONVERSION = YES;
				CLANG_WARN_OBJC_ROOT_CLASS = YES_ERROR;
				CLANG_WARN_QUOTED_INCLUDE_IN_FRAMEWORK_HEADER = YES;
				CLANG_WARN_RANGE_LOOP_ANALYSIS = YES;
				CLANG_WARN_STRICT_PROTOTYPES = YES;
				CLANG_WARN_SUSPICIOUS_MOVE = YES;
				CLANG_WARN_UNGUARDED_AVAILABILITY = YES_AGGRESSIVE;
				CLANG_WARN_UNREACHABLE_CODE = YES;
				CLANG_WARN__DUPLICATE_METHOD_MATCH = YES;
				CODE_SIGN_STYLE = Automatic;
				COPY_PHASE_STRIP = NO;
				CURRENT_PROJECT_VERSION = 2;
				DEBUG_INFORMATION_FORMAT = "dwarf-with-dsym";
				DEVELOPMENT_TEAM = PHYC7GJW6B;
				ENABLE_NS_ASSERTIONS = NO;
				ENABLE_STRICT_OBJC_MSGSEND = YES;
				GCC_C_LANGUAGE_STANDARD = gnu11;
				GCC_NO_COMMON_BLOCKS = YES;
				GCC_WARN_64_TO_32_BIT_CONVERSION = YES;
				GCC_WARN_ABOUT_RETURN_TYPE = YES_ERROR;
				GCC_WARN_UNDECLARED_SELECTOR = YES;
				GCC_WARN_UNINITIALIZED_AUTOS = YES_AGGRESSIVE;
				GCC_WARN_UNUSED_FUNCTION = YES;
				GCC_WARN_UNUSED_VARIABLE = YES;
				IPHONEOS_DEPLOYMENT_TARGET = 17.0;
				MACOSX_DEPLOYMENT_TARGET = 14.0;
				MARKETING_VERSION = 1.0;
				MTL_ENABLE_DEBUG_INFO = NO;
				MTL_FAST_MATH = YES;
				PRODUCT_NAME = "$(TARGET_NAME)";
				SWIFT_COMPILATION_MODE = wholemodule;
				SWIFT_OPTIMIZATION_LEVEL = "-O";
				SWIFT_VERSION = 5.0;
			};
			name = Release;
		};
		F6F5CFC6D863BFA7E778C563 /* Debug */ = {
			isa = XCBuildConfiguration;
			buildSettings = {
				ALWAYS_SEARCH_USER_PATHS = NO;
				CLANG_ANALYZER_NONNULL = YES;
				CLANG_ANALYZER_NUMBER_OBJECT_CONVERSION = YES_AGGRESSIVE;
				CLANG_CXX_LANGUAGE_STANDARD = "gnu++14";
				CLANG_CXX_LIBRARY = "libc++";
				CLANG_ENABLE_MODULES = YES;
				CLANG_ENABLE_OBJC_ARC = YES;
				CLANG_ENABLE_OBJC_WEAK = YES;
				CLANG_WARN_BLOCK_CAPTURE_AUTORELEASING = YES;
				CLANG_WARN_BOOL_CONVERSION = YES;
				CLANG_WARN_COMMA = YES;
				CLANG_WARN_CONSTANT_CONVERSION = YES;
				CLANG_WARN_DEPRECATED_OBJC_IMPLEMENTATIONS = YES;
				CLANG_WARN_DIRECT_OBJC_ISA_USAGE = YES_ERROR;
				CLANG_WARN_DOCUMENTATION_COMMENTS = YES;
				CLANG_WARN_EMPTY_BODY = YES;
				CLANG_WARN_ENUM_CONVERSION = YES;
				CLANG_WARN_INFINITE_RECURSION = YES;
				CLANG_WARN_INT_CONVERSION = YES;
				CLANG_WARN_NON_LITERAL_NULL_CONVERSION = YES;
				CLANG_WARN_OBJC_IMPLICIT_RETAIN_SELF = YES;
				CLANG_WARN_OBJC_LITERAL_CONVERSION = YES;
				CLANG_WARN_OBJC_ROOT_CLASS = YES_ERROR;
				CLANG_WARN_QUOTED_INCLUDE_IN_FRAMEWORK_HEADER = YES;
				CLANG_WARN_RANGE_LOOP_ANALYSIS = YES;
				CLANG_WARN_STRICT_PROTOTYPES = YES;
				CLANG_WARN_SUSPICIOUS_MOVE = YES;
				CLANG_WARN_UNGUARDED_AVAILABILITY = YES_AGGRESSIVE;
				CLANG_WARN_UNREACHABLE_CODE = YES;
				CLANG_WARN__DUPLICATE_METHOD_MATCH = YES;
				CODE_SIGN_STYLE = Automatic;
				COPY_PHASE_STRIP = NO;
				CURRENT_PROJECT_VERSION = 2;
				DEBUG_INFORMATION_FORMAT = dwarf;
				DEVELOPMENT_TEAM = PHYC7GJW6B;
				ENABLE_STRICT_OBJC_MSGSEND = YES;
				ENABLE_TESTABILITY = YES;
				GCC_C_LANGUAGE_STANDARD = gnu11;
				GCC_DYNAMIC_NO_PIC = NO;
				GCC_NO_COMMON_BLOCKS = YES;
				GCC_OPTIMIZATION_LEVEL = 0;
				GCC_PREPROCESSOR_DEFINITIONS = (
					"$(inherited)",
					"DEBUG=1",
				);
				GCC_WARN_64_TO_32_BIT_CONVERSION = YES;
				GCC_WARN_ABOUT_RETURN_TYPE = YES_ERROR;
				GCC_WARN_UNDECLARED_SELECTOR = YES;
				GCC_WARN_UNINITIALIZED_AUTOS = YES_AGGRESSIVE;
				GCC_WARN_UNUSED_FUNCTION = YES;
				GCC_WARN_UNUSED_VARIABLE = YES;
				IPHONEOS_DEPLOYMENT_TARGET = 17.0;
				MACOSX_DEPLOYMENT_TARGET = 14.0;
				MARKETING_VERSION = 1.0;
				MTL_ENABLE_DEBUG_INFO = INCLUDE_SOURCE;
				MTL_FAST_MATH = YES;
				ONLY_ACTIVE_ARCH = YES;
				PRODUCT_NAME = "$(TARGET_NAME)";
				SWIFT_ACTIVE_COMPILATION_CONDITIONS = DEBUG;
				SWIFT_OPTIMIZATION_LEVEL = "-Onone";
				SWIFT_VERSION = 5.0;
			};
			name = Debug;
		};
/* End XCBuildConfiguration section */

/* Begin XCConfigurationList section */
		2D00889A31ED9E750E35A909 /* Build configuration list for PBXNativeTarget "MagicTime-macOS" */ = {
			isa = XCConfigurationList;
			buildConfigurations = (
				B4759AFA3F988598DE56D03E /* Debug */,
				6EF1CF198629F76B156D2E12 /* Release */,
			);
			defaultConfigurationIsVisible = 0;
			defaultConfigurationName = Debug;
		};
		A8BB6F9108DC095CE854AA18 /* Build configuration list for PBXNativeTarget "MagicTime-iOS" */ = {
			isa = XCConfigurationList;
			buildConfigurations = (
				BB4C45FCB9E8FB5637B209FA /* Debug */,
				E24EB88380919474D3954CE9 /* Release */,
			);
			defaultConfigurationIsVisible = 0;
			defaultConfigurationName = Debug;
		};
		B8C5119A4DA4F2AA5DCDFE9D /* Build configuration list for PBXProject "MagicTime" */ = {
			isa = XCConfigurationList;
			buildConfigurations = (
				F6F5CFC6D863BFA7E778C563 /* Debug */,
				E9443FB4B83D5D499016E267 /* Release */,
			);
			defaultConfigurationIsVisible = 0;
			defaultConfigurationName = Debug;
		};
/* End XCConfigurationList section */
	};
	rootObject = 95D007394C855D42EDA5EC71 /* Project object */;
}
